
Microsoft Visual Studio Solution File, Format Version 12.00
# Visual Studio Version 17
VisualStudioVersion = 17.6.33829.357
MinimumVisualStudioVersion = 10.0.40219.1
Project("{FAE04EC0-301F-11D3-BF4B-00C04F79EFBC}") = "MvcCV", "MvcCV\MvcCV.csproj", "{0A53FD23-95AE-4DB8-9DFD-42F005A08282}"
EndProject
Global
	GlobalSection(SolutionConfigurationPlatforms) = preSolution
		Debug|Any CPU = Debug|Any CPU
		Release|Any CPU = Release|Any CPU
	EndGlobalSection
	GlobalSection(ProjectConfigurationPlatforms) = postSolution
		{0A53FD23-95AE-4DB8-9DFD-42F005A08282}.Debug|Any CPU.ActiveCfg = Debug|Any CPU
		{0A53FD23-95AE-4DB8-9DFD-42F005A08282}.Debug|Any CPU.Build.0 = Debug|Any CPU
		{0A53FD23-95AE-4DB8-9DFD-42F005A08282}.Release|Any CPU.ActiveCfg = Release|Any CPU
		{0A53FD23-95AE-4DB8-9DFD-42F005A08282}.Release|Any CPU.Build.0 = Release|Any CPU
	EndGlobalSection
	GlobalSection(SolutionProperties) = preSolution
		HideSolutionNode = FALSE
	EndGlobalSection
	GlobalSection(ExtensibilityGlobals) = postSolution
		SolutionGuid = {E11730B8-F7A1-4211-86D8-3AC46805F796}
	EndGlobalSection
EndGlobal
